
Microsoft Visual Studio Solution File, Format Version 12.00
# Visual Studio 2012
Project("{FAE04EC0-301F-11D3-BF4B-00C04F79EFBC}") = "Parity.Auth", "Parity.Auth\Parity.Auth.csproj", "{11834DE3-522B-4E0F-A1DC-F7555B1600A0}"
EndProject
Project("{FAE04EC0-301F-11D3-BF4B-00C04F79EFBC}") = "Parity.Game", "Parity.Game\Parity.Game.csproj", "{C77024CF-345F-49DD-B8D2-9A5683D32E9C}"
EndProject
Project("{FAE04EC0-301F-11D3-BF4B-00C04F79EFBC}") = "Parity.Base", "Parity.Base\Parity.Base.csproj", "{EF4A75F1-1AF2-4452-AF39-FFF326F5E0A0}"
EndProject
Project("{FAE04EC0-301F-11D3-BF4B-00C04F79EFBC}") = "Parity.Net", "Parity.Net\Parity.Net.csproj", "{62C2C5A8-45CB-4EFC-9D57-235652588100}"
EndProject
Project("{FAE04EC0-301F-11D3-BF4B-00C04F79EFBC}") = "Parity.DataStore", "Parity.DataStore\Parity.DataStore.csproj", "{701E571F-6F3B-4C7F-BBB3-E818F155CA67}"
EndProject
Project("{FAE04EC0-301F-11D3-BF4B-00C04F79EFBC}") = "Parity.GameDetails", "Parity.GameDetails\Parity.GameDetails.csproj", "{7E9D1612-2126-4864-A7CF-225E6F8B887E}"
EndProject
Project("{FAE04EC0-301F-11D3-BF4B-00C04F79EFBC}") = "Parity.Kernel", "Parity.Kernel\Parity.Kernel.csproj", "{2A90D378-93A2-407C-B7D5-1360484A81E8}"
EndProject
Project("{2150E333-8FDC-42A3-9474-1A3956D46DE8}") = "Server", "Server", "{F6B07DC4-FD10-4173-91E9-485D12640966}"
EndProject
Project("{2150E333-8FDC-42A3-9474-1A3956D46DE8}") = "Lib", "Lib", "{57998EE9-DC4E-40D7-81DE-C3E8EECEFC42}"
EndProject
Project("{2150E333-8FDC-42A3-9474-1A3956D46DE8}") = "Tools", "Tools", "{3AF4C845-B803-43A8-841F-54DD1CFFC890}"
EndProject
Project("{FAE04EC0-301F-11D3-BF4B-00C04F79EFBC}") = "WRDevTool", "WRDevTool\WRDevTool.csproj", "{A3E1E4F9-2AC1-4F0E-8BC2-FC5ADA137696}"
EndProject
Project("{2150E333-8FDC-42A3-9474-1A3956D46DE8}") = "!Other", "!Other", "{6BC8D8B0-A3EF-44E0-8FA4-A8E4CA5FE463}"
	ProjectSection(SolutionItems) = preProject
		export_parity.sql = export_parity.sql
		TODO.txt = TODO.txt
	EndProjectSection
EndProject
Project("{FAE04EC0-301F-11D3-BF4B-00C04F79EFBC}") = "PacketSniffer", "PacketSniffer\PacketSniffer.csproj", "{F11C86E1-9CB8-44B9-ADE6-638F85111083}"
EndProject
Project("{2150E333-8FDC-42A3-9474-1A3956D46DE8}") = "Client", "Client", "{CAA1F21D-507D-421B-86B6-C7D51129D153}"
EndProject
Project("{FAE04EC0-301F-11D3-BF4B-00C04F79EFBC}") = "Parity.ManagementConsole", "Parity.ManagementConsole\Parity.ManagementConsole.csproj", "{DBFB66E8-E0E4-411A-B3F3-5060F0605256}"
EndProject
Project("{8BC9CEB8-8B4A-11D0-8D11-00A0C91BC942}") = "extdll", "extdll\extdll.vcxproj", "{32B1ACEF-4C86-4AE9-BCAC-EF61B5A8A1B6}"
EndProject
Project("{FAE04EC0-301F-11D3-BF4B-00C04F79EFBC}") = "Launcher", "Launcher\Launcher.csproj", "{0CAAC8A6-2B08-4B7A-A6AF-E8C1B3529E04}"
EndProject
Project("{8BC9CEB8-8B4A-11D0-8D11-00A0C91BC942}") = "Parity.LowLevel", "Parity.LowLevel\Parity.LowLevel.vcxproj", "{1A1A33A8-8D7C-4D17-A08F-400FF88729F6}"
EndProject
Project("{8BC9CEB8-8B4A-11D0-8D11-00A0C91BC942}") = "aCI", "aCI\aCI.vcxproj", "{7F032B35-6531-4747-B1B9-20ADCCC64E9B}"
EndProject
Project("{FAE04EC0-301F-11D3-BF4B-00C04F79EFBC}") = "Test", "Test\Test.csproj", "{296CB4EE-B35F-467C-B446-207AFB85D7A0}"
EndProject
Project("{2150E333-8FDC-42A3-9474-1A3956D46DE8}") = "Pub", "Pub", "{9E668182-45F8-4D6A-B303-8B4986AF8C1E}"
EndProject
Project("{8BC9CEB8-8B4A-11D0-8D11-00A0C91BC942}") = "WarEdit", "WarEdit\WarEdit.vcxproj", "{8B3E3C7C-6913-413F-A0A3-9A7AC68F1CCD}"
EndProject
Global
	GlobalSection(SolutionConfigurationPlatforms) = preSolution
		Debug|Any CPU = Debug|Any CPU
		Debug|Mixed Platforms = Debug|Mixed Platforms
		Debug|Win32 = Debug|Win32
		Debug|x64 = Debug|x64
		Release|Any CPU = Release|Any CPU
		Release|Mixed Platforms = Release|Mixed Platforms
		Release|Win32 = Release|Win32
		Release|x64 = Release|x64
	EndGlobalSection
	GlobalSection(ProjectConfigurationPlatforms) = postSolution
		{11834DE3-522B-4E0F-A1DC-F7555B1600A0}.Debug|Any CPU.ActiveCfg = Debug|Any CPU
		{11834DE3-522B-4E0F-A1DC-F7555B1600A0}.Debug|Any CPU.Build.0 = Debug|Any CPU
		{11834DE3-522B-4E0F-A1DC-F7555B1600A0}.Debug|Mixed Platforms.ActiveCfg = Debug|Any CPU
		{11834DE3-522B-4E0F-A1DC-F7555B1600A0}.Debug|Mixed Platforms.Build.0 = Debug|Any CPU
		{11834DE3-522B-4E0F-A1DC-F7555B1600A0}.Debug|Win32.ActiveCfg = Debug|Any CPU
		{11834DE3-522B-4E0F-A1DC-F7555B1600A0}.Debug|x64.ActiveCfg = Debug|Any CPU
		{11834DE3-522B-4E0F-A1DC-F7555B1600A0}.Release|Any CPU.ActiveCfg = Release|Any CPU
		{11834DE3-522B-4E0F-A1DC-F7555B1600A0}.Release|Any CPU.Build.0 = Release|Any CPU
		{11834DE3-522B-4E0F-A1DC-F7555B1600A0}.Release|Mixed Platforms.ActiveCfg = Release|Any CPU
		{11834DE3-522B-4E0F-A1DC-F7555B1600A0}.Release|Mixed Platforms.Build.0 = Release|Any CPU
		{11834DE3-522B-4E0F-A1DC-F7555B1600A0}.Release|Win32.ActiveCfg = Release|Any CPU
		{11834DE3-522B-4E0F-A1DC-F7555B1600A0}.Release|x64.ActiveCfg = Release|Any CPU
		{C77024CF-345F-49DD-B8D2-9A5683D32E9C}.Debug|Any CPU.ActiveCfg = Debug|Any CPU
		{C77024CF-345F-49DD-B8D2-9A5683D32E9C}.Debug|Any CPU.Build.0 = Debug|Any CPU
		{C77024CF-345F-49DD-B8D2-9A5683D32E9C}.Debug|Mixed Platforms.ActiveCfg = Debug|Any CPU
		{C77024CF-345F-49DD-B8D2-9A5683D32E9C}.Debug|Mixed Platforms.Build.0 = Debug|Any CPU
		{C77024CF-345F-49DD-B8D2-9A5683D32E9C}.Debug|Win32.ActiveCfg = Debug|Any CPU
		{C77024CF-345F-49DD-B8D2-9A5683D32E9C}.Debug|x64.ActiveCfg = Debug|Any CPU
		{C77024CF-345F-49DD-B8D2-9A5683D32E9C}.Release|Any CPU.ActiveCfg = Release|Any CPU
		{C77024CF-345F-49DD-B8D2-9A5683D32E9C}.Release|Any CPU.Build.0 = Release|Any CPU
		{C77024CF-345F-49DD-B8D2-9A5683D32E9C}.Release|Mixed Platforms.ActiveCfg = Release|Any CPU
		{C77024CF-345F-49DD-B8D2-9A5683D32E9C}.Release|Mixed Platforms.Build.0 = Release|Any CPU
		{C77024CF-345F-49DD-B8D2-9A5683D32E9C}.Release|Win32.ActiveCfg = Release|Any CPU
		{C77024CF-345F-49DD-B8D2-9A5683D32E9C}.Release|x64.ActiveCfg = Release|Any CPU
		{EF4A75F1-1AF2-4452-AF39-FFF326F5E0A0}.Debug|Any CPU.ActiveCfg = Debug|Any CPU
		{EF4A75F1-1AF2-4452-AF39-FFF326F5E0A0}.Debug|Any CPU.Build.0 = Debug|Any CPU
		{EF4A75F1-1AF2-4452-AF39-FFF326F5E0A0}.Debug|Mixed Platforms.ActiveCfg = Debug|Any CPU
		{EF4A75F1-1AF2-4452-AF39-FFF326F5E0A0}.Debug|Mixed Platforms.Build.0 = Debug|Any CPU
		{EF4A75F1-1AF2-4452-AF39-FFF326F5E0A0}.Debug|Win32.ActiveCfg = Debug|Any CPU
		{EF4A75F1-1AF2-4452-AF39-FFF326F5E0A0}.Debug|x64.ActiveCfg = Debug|Any CPU
		{EF4A75F1-1AF2-4452-AF39-FFF326F5E0A0}.Release|Any CPU.ActiveCfg = Release|Any CPU
		{EF4A75F1-1AF2-4452-AF39-FFF326F5E0A0}.Release|Any CPU.Build.0 = Release|Any CPU
		{EF4A75F1-1AF2-4452-AF39-FFF326F5E0A0}.Release|Mixed Platforms.ActiveCfg = Release|Any CPU
		{EF4A75F1-1AF2-4452-AF39-FFF326F5E0A0}.Release|Mixed Platforms.Build.0 = Release|Any CPU
		{EF4A75F1-1AF2-4452-AF39-FFF326F5E0A0}.Release|Win32.ActiveCfg = Release|Any CPU
		{EF4A75F1-1AF2-4452-AF39-FFF326F5E0A0}.Release|x64.ActiveCfg = Release|Any CPU
		{62C2C5A8-45CB-4EFC-9D57-235652588100}.Debug|Any CPU.ActiveCfg = Debug|Any CPU
		{62C2C5A8-45CB-4EFC-9D57-235652588100}.Debug|Any CPU.Build.0 = Debug|Any CPU
		{62C2C5A8-45CB-4EFC-9D57-235652588100}.Debug|Mixed Platforms.ActiveCfg = Debug|Any CPU
		{62C2C5A8-45CB-4EFC-9D57-235652588100}.Debug|Mixed Platforms.Build.0 = Debug|Any CPU
		{62C2C5A8-45CB-4EFC-9D57-235652588100}.Debug|Win32.ActiveCfg = Debug|Any CPU
		{62C2C5A8-45CB-4EFC-9D57-235652588100}.Debug|x64.ActiveCfg = Debug|Any CPU
		{62C2C5A8-45CB-4EFC-9D57-235652588100}.Release|Any CPU.ActiveCfg = Release|Any CPU
		{62C2C5A8-45CB-4EFC-9D57-235652588100}.Release|Any CPU.Build.0 = Release|Any CPU
		{62C2C5A8-45CB-4EFC-9D57-235652588100}.Release|Mixed Platforms.ActiveCfg = Release|Any CPU
		{62C2C5A8-45CB-4EFC-9D57-235652588100}.Release|Mixed Platforms.Build.0 = Release|Any CPU
		{62C2C5A8-45CB-4EFC-9D57-235652588100}.Release|Win32.ActiveCfg = Release|Any CPU
		{62C2C5A8-45CB-4EFC-9D57-235652588100}.Release|x64.ActiveCfg = Release|Any CPU
		{701E571F-6F3B-4C7F-BBB3-E818F155CA67}.Debug|Any CPU.ActiveCfg = Debug|Any CPU
		{701E571F-6F3B-4C7F-BBB3-E818F155CA67}.Debug|Any CPU.Build.0 = Debug|Any CPU
		{701E571F-6F3B-4C7F-BBB3-E818F155CA67}.Debug|Mixed Platforms.ActiveCfg = Debug|Any CPU
		{701E571F-6F3B-4C7F-BBB3-E818F155CA67}.Debug|Mixed Platforms.Build.0 = Debug|Any CPU
		{701E571F-6F3B-4C7F-BBB3-E818F155CA67}.Debug|Win32.ActiveCfg = Debug|Any CPU
		{701E571F-6F3B-4C7F-BBB3-E818F155CA67}.Debug|x64.ActiveCfg = Debug|Any CPU
		{701E571F-6F3B-4C7F-BBB3-E818F155CA67}.Release|Any CPU.ActiveCfg = Release|Any CPU
		{701E571F-6F3B-4C7F-BBB3-E818F155CA67}.Release|Any CPU.Build.0 = Release|Any CPU
		{701E571F-6F3B-4C7F-BBB3-E818F155CA67}.Release|Mixed Platforms.ActiveCfg = Release|Any CPU
		{701E571F-6F3B-4C7F-BBB3-E818F155CA67}.Release|Mixed Platforms.Build.0 = Release|Any CPU
		{701E571F-6F3B-4C7F-BBB3-E818F155CA67}.Release|Win32.ActiveCfg = Release|Any CPU
		{701E571F-6F3B-4C7F-BBB3-E818F155CA67}.Release|x64.ActiveCfg = Release|Any CPU
		{7E9D1612-2126-4864-A7CF-225E6F8B887E}.Debug|Any CPU.ActiveCfg = Debug|Any CPU
		{7E9D1612-2126-4864-A7CF-225E6F8B887E}.Debug|Any CPU.Build.0 = Debug|Any CPU
		{7E9D1612-2126-4864-A7CF-225E6F8B887E}.Debug|Mixed Platforms.ActiveCfg = Debug|Any CPU
		{7E9D1612-2126-4864-A7CF-225E6F8B887E}.Debug|Mixed Platforms.Build.0 = Debug|Any CPU
		{7E9D1612-2126-4864-A7CF-225E6F8B887E}.Debug|Win32.ActiveCfg = Debug|Any CPU
		{7E9D1612-2126-4864-A7CF-225E6F8B887E}.Debug|x64.ActiveCfg = Debug|Any CPU
		{7E9D1612-2126-4864-A7CF-225E6F8B887E}.Release|Any CPU.ActiveCfg = Release|Any CPU
		{7E9D1612-2126-4864-A7CF-225E6F8B887E}.Release|Any CPU.Build.0 = Release|Any CPU
		{7E9D1612-2126-4864-A7CF-225E6F8B887E}.Release|Mixed Platforms.ActiveCfg = Release|Any CPU
		{7E9D1612-2126-4864-A7CF-225E6F8B887E}.Release|Mixed Platforms.Build.0 = Release|Any CPU
		{7E9D1612-2126-4864-A7CF-225E6F8B887E}.Release|Win32.ActiveCfg = Release|Any CPU
		{7E9D1612-2126-4864-A7CF-225E6F8B887E}.Release|x64.ActiveCfg = Release|Any CPU
		{2A90D378-93A2-407C-B7D5-1360484A81E8}.Debug|Any CPU.ActiveCfg = Debug|Any CPU
		{2A90D378-93A2-407C-B7D5-1360484A81E8}.Debug|Any CPU.Build.0 = Debug|Any CPU
		{2A90D378-93A2-407C-B7D5-1360484A81E8}.Debug|Mixed Platforms.ActiveCfg = Debug|Any CPU
		{2A90D378-93A2-407C-B7D5-1360484A81E8}.Debug|Mixed Platforms.Build.0 = Debug|Any CPU
		{2A90D378-93A2-407C-B7D5-1360484A81E8}.Debug|Win32.ActiveCfg = Debug|Any CPU
		{2A90D378-93A2-407C-B7D5-1360484A81E8}.Debug|x64.ActiveCfg = Debug|Any CPU
		{2A90D378-93A2-407C-B7D5-1360484A81E8}.Release|Any CPU.ActiveCfg = Release|Any CPU
		{2A90D378-93A2-407C-B7D5-1360484A81E8}.Release|Any CPU.Build.0 = Release|Any CPU
		{2A90D378-93A2-407C-B7D5-1360484A81E8}.Release|Mixed Platforms.ActiveCfg = Release|Any CPU
		{2A90D378-93A2-407C-B7D5-1360484A81E8}.Release|Mixed Platforms.Build.0 = Release|Any CPU
		{2A90D378-93A2-407C-B7D5-1360484A81E8}.Release|Win32.ActiveCfg = Release|Any CPU
		{2A90D378-93A2-407C-B7D5-1360484A81E8}.Release|x64.ActiveCfg = Release|Any CPU
		{A3E1E4F9-2AC1-4F0E-8BC2-FC5ADA137696}.Debug|Any CPU.ActiveCfg = Debug|Any CPU
		{A3E1E4F9-2AC1-4F0E-8BC2-FC5ADA137696}.Debug|Any CPU.Build.0 = Debug|Any CPU
		{A3E1E4F9-2AC1-4F0E-8BC2-FC5ADA137696}.Debug|Mixed Platforms.ActiveCfg = Debug|Any CPU
		{A3E1E4F9-2AC1-4F0E-8BC2-FC5ADA137696}.Debug|Mixed Platforms.Build.0 = Debug|Any CPU
		{A3E1E4F9-2AC1-4F0E-8BC2-FC5ADA137696}.Debug|Win32.ActiveCfg = Debug|Any CPU
		{A3E1E4F9-2AC1-4F0E-8BC2-FC5ADA137696}.Debug|x64.ActiveCfg = Debug|Any CPU
		{A3E1E4F9-2AC1-4F0E-8BC2-FC5ADA137696}.Release|Any CPU.ActiveCfg = Release|Any CPU
		{A3E1E4F9-2AC1-4F0E-8BC2-FC5ADA137696}.Release|Any CPU.Build.0 = Release|Any CPU
		{A3E1E4F9-2AC1-4F0E-8BC2-FC5ADA137696}.Release|Mixed Platforms.ActiveCfg = Release|Any CPU
		{A3E1E4F9-2AC1-4F0E-8BC2-FC5ADA137696}.Release|Mixed Platforms.Build.0 = Release|Any CPU
		{A3E1E4F9-2AC1-4F0E-8BC2-FC5ADA137696}.Release|Win32.ActiveCfg = Release|Any CPU
		{A3E1E4F9-2AC1-4F0E-8BC2-FC5ADA137696}.Release|x64.ActiveCfg = Release|Any CPU
		{F11C86E1-9CB8-44B9-ADE6-638F85111083}.Debug|Any CPU.ActiveCfg = Debug|Any CPU
		{F11C86E1-9CB8-44B9-ADE6-638F85111083}.Debug|Any CPU.Build.0 = Debug|Any CPU
		{F11C86E1-9CB8-44B9-ADE6-638F85111083}.Debug|Mixed Platforms.ActiveCfg = Debug|Any CPU
		{F11C86E1-9CB8-44B9-ADE6-638F85111083}.Debug|Mixed Platforms.Build.0 = Debug|Any CPU
		{F11C86E1-9CB8-44B9-ADE6-638F85111083}.Debug|Win32.ActiveCfg = Debug|Any CPU
		{F11C86E1-9CB8-44B9-ADE6-638F85111083}.Debug|x64.ActiveCfg = Debug|Any CPU
		{F11C86E1-9CB8-44B9-ADE6-638F85111083}.Release|Any CPU.ActiveCfg = Release|Any CPU
		{F11C86E1-9CB8-44B9-ADE6-638F85111083}.Release|Any CPU.Build.0 = Release|Any CPU
		{F11C86E1-9CB8-44B9-ADE6-638F85111083}.Release|Mixed Platforms.ActiveCfg = Release|Any CPU
		{F11C86E1-9CB8-44B9-ADE6-638F85111083}.Release|Mixed Platforms.Build.0 = Release|Any CPU
		{F11C86E1-9CB8-44B9-ADE6-638F85111083}.Release|Win32.ActiveCfg = Release|Any CPU
		{F11C86E1-9CB8-44B9-ADE6-638F85111083}.Release|x64.ActiveCfg = Release|Any CPU
		{DBFB66E8-E0E4-411A-B3F3-5060F0605256}.Debug|Any CPU.ActiveCfg = Debug|Any CPU
		{DBFB66E8-E0E4-411A-B3F3-5060F0605256}.Debug|Any CPU.Build.0 = Debug|Any CPU
		{DBFB66E8-E0E4-411A-B3F3-5060F0605256}.Debug|Mixed Platforms.ActiveCfg = Debug|Any CPU
		{DBFB66E8-E0E4-411A-B3F3-5060F0605256}.Debug|Mixed Platforms.Build.0 = Debug|Any CPU
		{DBFB66E8-E0E4-411A-B3F3-5060F0605256}.Debug|Win32.ActiveCfg = Debug|Any CPU
		{DBFB66E8-E0E4-411A-B3F3-5060F0605256}.Debug|x64.ActiveCfg = Debug|Any CPU
		{DBFB66E8-E0E4-411A-B3F3-5060F0605256}.Release|Any CPU.ActiveCfg = Release|Any CPU
		{DBFB66E8-E0E4-411A-B3F3-5060F0605256}.Release|Any CPU.Build.0 = Release|Any CPU
		{DBFB66E8-E0E4-411A-B3F3-5060F0605256}.Release|Mixed Platforms.ActiveCfg = Release|Any CPU
		{DBFB66E8-E0E4-411A-B3F3-5060F0605256}.Release|Mixed Platforms.Build.0 = Release|Any CPU
		{DBFB66E8-E0E4-411A-B3F3-5060F0605256}.Release|Win32.ActiveCfg = Release|Any CPU
		{DBFB66E8-E0E4-411A-B3F3-5060F0605256}.Release|x64.ActiveCfg = Release|Any CPU
		{32B1ACEF-4C86-4AE9-BCAC-EF61B5A8A1B6}.Debug|Any CPU.ActiveCfg = Release|Win32
		{32B1ACEF-4C86-4AE9-BCAC-EF61B5A8A1B6}.Debug|Mixed Platforms.ActiveCfg = Debug|Win32
		{32B1ACEF-4C86-4AE9-BCAC-EF61B5A8A1B6}.Debug|Mixed Platforms.Build.0 = Debug|Win32
		{32B1ACEF-4C86-4AE9-BCAC-EF61B5A8A1B6}.Debug|Win32.ActiveCfg = Debug|Win32
		{32B1ACEF-4C86-4AE9-BCAC-EF61B5A8A1B6}.Debug|Win32.Build.0 = Debug|Win32
		{32B1ACEF-4C86-4AE9-BCAC-EF61B5A8A1B6}.Debug|x64.ActiveCfg = Debug|Win32
		{32B1ACEF-4C86-4AE9-BCAC-EF61B5A8A1B6}.Release|Any CPU.ActiveCfg = Release|Win32
		{32B1ACEF-4C86-4AE9-BCAC-EF61B5A8A1B6}.Release|Mixed Platforms.ActiveCfg = Release|Win32
		{32B1ACEF-4C86-4AE9-BCAC-EF61B5A8A1B6}.Release|Mixed Platforms.Build.0 = Release|Win32
		{32B1ACEF-4C86-4AE9-BCAC-EF61B5A8A1B6}.Release|Win32.ActiveCfg = Release|Win32
		{32B1ACEF-4C86-4AE9-BCAC-EF61B5A8A1B6}.Release|Win32.Build.0 = Release|Win32
		{32B1ACEF-4C86-4AE9-BCAC-EF61B5A8A1B6}.Release|x64.ActiveCfg = Release|Win32
		{0CAAC8A6-2B08-4B7A-A6AF-E8C1B3529E04}.Debug|Any CPU.ActiveCfg = Debug|Any CPU
		{0CAAC8A6-2B08-4B7A-A6AF-E8C1B3529E04}.Debug|Any CPU.Build.0 = Debug|Any CPU
		{0CAAC8A6-2B08-4B7A-A6AF-E8C1B3529E04}.Debug|Mixed Platforms.ActiveCfg = Debug|Any CPU
		{0CAAC8A6-2B08-4B7A-A6AF-E8C1B3529E04}.Debug|Mixed Platforms.Build.0 = Debug|Any CPU
		{0CAAC8A6-2B08-4B7A-A6AF-E8C1B3529E04}.Debug|Win32.ActiveCfg = Debug|Any CPU
		{0CAAC8A6-2B08-4B7A-A6AF-E8C1B3529E04}.Debug|x64.ActiveCfg = Debug|Any CPU
		{0CAAC8A6-2B08-4B7A-A6AF-E8C1B3529E04}.Release|Any CPU.ActiveCfg = Release|Any CPU
		{0CAAC8A6-2B08-4B7A-A6AF-E8C1B3529E04}.Release|Any CPU.Build.0 = Release|Any CPU
		{0CAAC8A6-2B08-4B7A-A6AF-E8C1B3529E04}.Release|Mixed Platforms.ActiveCfg = Release|Any CPU
		{0CAAC8A6-2B08-4B7A-A6AF-E8C1B3529E04}.Release|Mixed Platforms.Build.0 = Release|Any CPU
		{0CAAC8A6-2B08-4B7A-A6AF-E8C1B3529E04}.Release|Win32.ActiveCfg = Release|Any CPU
		{0CAAC8A6-2B08-4B7A-A6AF-E8C1B3529E04}.Release|x64.ActiveCfg = Release|Any CPU
		{1A1A33A8-8D7C-4D17-A08F-400FF88729F6}.Debug|Any CPU.ActiveCfg = Debug|Win32
		{1A1A33A8-8D7C-4D17-A08F-400FF88729F6}.Debug|Mixed Platforms.ActiveCfg = Debug|Win32
		{1A1A33A8-8D7C-4D17-A08F-400FF88729F6}.Debug|Mixed Platforms.Build.0 = Debug|Win32
		{1A1A33A8-8D7C-4D17-A08F-400FF88729F6}.Debug|Win32.ActiveCfg = Debug|Win32
		{1A1A33A8-8D7C-4D17-A08F-400FF88729F6}.Debug|Win32.Build.0 = Debug|Win32
		{1A1A33A8-8D7C-4D17-A08F-400FF88729F6}.Debug|x64.ActiveCfg = Debug|Win32
		{1A1A33A8-8D7C-4D17-A08F-400FF88729F6}.Release|Any CPU.ActiveCfg = Release|Win32
		{1A1A33A8-8D7C-4D17-A08F-400FF88729F6}.Release|Mixed Platforms.ActiveCfg = Release|Win32
		{1A1A33A8-8D7C-4D17-A08F-400FF88729F6}.Release|Mixed Platforms.Build.0 = Release|Win32
		{1A1A33A8-8D7C-4D17-A08F-400FF88729F6}.Release|Win32.ActiveCfg = Release|Win32
		{1A1A33A8-8D7C-4D17-A08F-400FF88729F6}.Release|Win32.Build.0 = Release|Win32
		{1A1A33A8-8D7C-4D17-A08F-400FF88729F6}.Release|x64.ActiveCfg = Release|Win32
		{7F032B35-6531-4747-B1B9-20ADCCC64E9B}.Debug|Any CPU.ActiveCfg = Debug|Win32
		{7F032B35-6531-4747-B1B9-20ADCCC64E9B}.Debug|Mixed Platforms.ActiveCfg = Debug|Win32
		{7F032B35-6531-4747-B1B9-20ADCCC64E9B}.Debug|Mixed Platforms.Build.0 = Debug|Win32
		{7F032B35-6531-4747-B1B9-20ADCCC64E9B}.Debug|Win32.ActiveCfg = Debug|Win32
		{7F032B35-6531-4747-B1B9-20ADCCC64E9B}.Debug|Win32.Build.0 = Debug|Win32
		{7F032B35-6531-4747-B1B9-20ADCCC64E9B}.Debug|x64.ActiveCfg = Debug|Win32
		{7F032B35-6531-4747-B1B9-20ADCCC64E9B}.Release|Any CPU.ActiveCfg = Release|Win32
		{7F032B35-6531-4747-B1B9-20ADCCC64E9B}.Release|Mixed Platforms.ActiveCfg = Release|Win32
		{7F032B35-6531-4747-B1B9-20ADCCC64E9B}.Release|Mixed Platforms.Build.0 = Release|Win32
		{7F032B35-6531-4747-B1B9-20ADCCC64E9B}.Release|Win32.ActiveCfg = Release|Win32
		{7F032B35-6531-4747-B1B9-20ADCCC64E9B}.Release|Win32.Build.0 = Release|Win32
		{7F032B35-6531-4747-B1B9-20ADCCC64E9B}.Release|x64.ActiveCfg = Release|Win32
		{296CB4EE-B35F-467C-B446-207AFB85D7A0}.Debug|Any CPU.ActiveCfg = Debug|Any CPU
		{296CB4EE-B35F-467C-B446-207AFB85D7A0}.Debug|Any CPU.Build.0 = Debug|Any CPU
		{296CB4EE-B35F-467C-B446-207AFB85D7A0}.Debug|Mixed Platforms.ActiveCfg = Debug|Any CPU
		{296CB4EE-B35F-467C-B446-207AFB85D7A0}.Debug|Mixed Platforms.Build.0 = Debug|Any CPU
		{296CB4EE-B35F-467C-B446-207AFB85D7A0}.Debug|Win32.ActiveCfg = Debug|Any CPU
		{296CB4EE-B35F-467C-B446-207AFB85D7A0}.Debug|x64.ActiveCfg = Debug|Any CPU
		{296CB4EE-B35F-467C-B446-207AFB85D7A0}.Release|Any CPU.ActiveCfg = Release|Any CPU
		{296CB4EE-B35F-467C-B446-207AFB85D7A0}.Release|Any CPU.Build.0 = Release|Any CPU
		{296CB4EE-B35F-467C-B446-207AFB85D7A0}.Release|Mixed Platforms.ActiveCfg = Release|Any CPU
		{296CB4EE-B35F-467C-B446-207AFB85D7A0}.Release|Mixed Platforms.Build.0 = Release|Any CPU
		{296CB4EE-B35F-467C-B446-207AFB85D7A0}.Release|Win32.ActiveCfg = Release|Any CPU
		{296CB4EE-B35F-467C-B446-207AFB85D7A0}.Release|x64.ActiveCfg = Release|Any CPU
		{8B3E3C7C-6913-413F-A0A3-9A7AC68F1CCD}.Debug|Any CPU.ActiveCfg = Release|Win32
		{8B3E3C7C-6913-413F-A0A3-9A7AC68F1CCD}.Debug|Mixed Platforms.ActiveCfg = Debug|Win32
		{8B3E3C7C-6913-413F-A0A3-9A7AC68F1CCD}.Debug|Mixed Platforms.Build.0 = Debug|Win32
		{8B3E3C7C-6913-413F-A0A3-9A7AC68F1CCD}.Debug|Win32.ActiveCfg = Debug|Win32
		{8B3E3C7C-6913-413F-A0A3-9A7AC68F1CCD}.Debug|Win32.Build.0 = Debug|Win32
		{8B3E3C7C-6913-413F-A0A3-9A7AC68F1CCD}.Debug|x64.ActiveCfg = Debug|Win32
		{8B3E3C7C-6913-413F-A0A3-9A7AC68F1CCD}.Release|Any CPU.ActiveCfg = Release|Win32
		{8B3E3C7C-6913-413F-A0A3-9A7AC68F1CCD}.Release|Mixed Platforms.ActiveCfg = Release|Win32
		{8B3E3C7C-6913-413F-A0A3-9A7AC68F1CCD}.Release|Mixed Platforms.Build.0 = Release|Win32
		{8B3E3C7C-6913-413F-A0A3-9A7AC68F1CCD}.Release|Win32.ActiveCfg = Release|Win32
		{8B3E3C7C-6913-413F-A0A3-9A7AC68F1CCD}.Release|Win32.Build.0 = Release|Win32
		{8B3E3C7C-6913-413F-A0A3-9A7AC68F1CCD}.Release|x64.ActiveCfg = Release|Win32
	EndGlobalSection
	GlobalSection(SolutionProperties) = preSolution
		HideSolutionNode = FALSE
	EndGlobalSection
	GlobalSection(NestedProjects) = preSolution
		{C77024CF-345F-49DD-B8D2-9A5683D32E9C} = {F6B07DC4-FD10-4173-91E9-485D12640966}
		{11834DE3-522B-4E0F-A1DC-F7555B1600A0} = {F6B07DC4-FD10-4173-91E9-485D12640966}
		{DBFB66E8-E0E4-411A-B3F3-5060F0605256} = {F6B07DC4-FD10-4173-91E9-485D12640966}
		{62C2C5A8-45CB-4EFC-9D57-235652588100} = {57998EE9-DC4E-40D7-81DE-C3E8EECEFC42}
		{701E571F-6F3B-4C7F-BBB3-E818F155CA67} = {57998EE9-DC4E-40D7-81DE-C3E8EECEFC42}
		{7E9D1612-2126-4864-A7CF-225E6F8B887E} = {57998EE9-DC4E-40D7-81DE-C3E8EECEFC42}
		{2A90D378-93A2-407C-B7D5-1360484A81E8} = {57998EE9-DC4E-40D7-81DE-C3E8EECEFC42}
		{EF4A75F1-1AF2-4452-AF39-FFF326F5E0A0} = {57998EE9-DC4E-40D7-81DE-C3E8EECEFC42}
		{1A1A33A8-8D7C-4D17-A08F-400FF88729F6} = {57998EE9-DC4E-40D7-81DE-C3E8EECEFC42}
		{A3E1E4F9-2AC1-4F0E-8BC2-FC5ADA137696} = {3AF4C845-B803-43A8-841F-54DD1CFFC890}
		{F11C86E1-9CB8-44B9-ADE6-638F85111083} = {3AF4C845-B803-43A8-841F-54DD1CFFC890}
		{296CB4EE-B35F-467C-B446-207AFB85D7A0} = {3AF4C845-B803-43A8-841F-54DD1CFFC890}
		{9E668182-45F8-4D6A-B303-8B4986AF8C1E} = {3AF4C845-B803-43A8-841F-54DD1CFFC890}
		{32B1ACEF-4C86-4AE9-BCAC-EF61B5A8A1B6} = {CAA1F21D-507D-421B-86B6-C7D51129D153}
		{0CAAC8A6-2B08-4B7A-A6AF-E8C1B3529E04} = {CAA1F21D-507D-421B-86B6-C7D51129D153}
		{7F032B35-6531-4747-B1B9-20ADCCC64E9B} = {CAA1F21D-507D-421B-86B6-C7D51129D153}
		{8B3E3C7C-6913-413F-A0A3-9A7AC68F1CCD} = {9E668182-45F8-4D6A-B303-8B4986AF8C1E}
	EndGlobalSection
	GlobalSection(ExtensibilityGlobals) = postSolution
		VisualSVNWorkingCopyRoot = .
	EndGlobalSection
EndGlobal
